
Microsoft Visual Studio Solution File, Format Version 12.00
# Visual Studio Version 16
VisualStudioVersion = 16.0.30611.23
MinimumVisualStudioVersion = 10.0.40219.1
Project("{FAE04EC0-301F-11D3-BF4B-00C04F79EFBC}") = "ProjetoFinal.Model", "ClassLibrary\ProjetoFinal.Model.csproj", "{7074DE11-A52C-490B-9CE3-8B5EA698CB45}"
EndProject
Project("{FAE04EC0-301F-11D3-BF4B-00C04F79EFBC}") = "ProjetoFinal.WinForms", "frmStillDidntDecide\ProjetoFinal.WinForms.csproj", "{111DAF13-01A8-4DD1-B12D-3ABAEAA90012}"
EndProject
Project("{2150E333-8FDC-42A3-9474-1A3956D46DE8}") = "1. DataAcessLayer", "1. DataAcessLayer", "{BC548F6B-A4DD-4206-BCFB-EB9A6963DF42}"
EndProject
Project("{2150E333-8FDC-42A3-9474-1A3956D46DE8}") = "2. BusinessLogicLayer", "2. BusinessLogicLayer", "{1ECCA0CC-9DC6-4BCA-A938-7E0671BB6DAE}"
EndProject
Project("{2150E333-8FDC-42A3-9474-1A3956D46DE8}") = "3. PresentationLayer", "3. PresentationLayer", "{DF437667-AA1D-47BF-A4A1-CC2E897396D3}"
EndProject
Project("{FAE04EC0-301F-11D3-BF4B-00C04F79EFBC}") = "ProjetoFinal.Services", "ProjetoFinal.Services\ProjetoFinal.Services.csproj", "{09E8971F-7CE7-4AC5-8307-702132E9AE34}"
	ProjectSection(ProjectDependencies) = postProject
		{E88F9052-DC21-4855-AD0D-753123445D11} = {E88F9052-DC21-4855-AD0D-753123445D11}
	EndProjectSection
EndProject
Project("{FAE04EC0-301F-11D3-BF4B-00C04F79EFBC}") = "ProjetoFinal.Data", "ProjetoFinal.Data\ProjetoFinal.Data.csproj", "{E88F9052-DC21-4855-AD0D-753123445D11}"
EndProject
Project("{2150E333-8FDC-42A3-9474-1A3956D46DE8}") = "WinForms", "WinForms", "{2FE54A84-28AB-43AC-9638-0FC8BFC1BA2E}"
EndProject
Project("{2150E333-8FDC-42A3-9474-1A3956D46DE8}") = "ConsoleApp", "ConsoleApp", "{2265B8FC-DDB4-4C52-B1F1-678EBBC2BF59}"
EndProject
Project("{FAE04EC0-301F-11D3-BF4B-00C04F79EFBC}") = "ProjetoFinal.ConsoleApp1", "ProjetoFinal.ConsoleApp1\ProjetoFinal.ConsoleApp1.csproj", "{BCA38744-BFB5-4FF7-B6FD-84BD18EE3885}"
EndProject
Project("{2150E333-8FDC-42A3-9474-1A3956D46DE8}") = "WebForms", "WebForms", "{D7B85399-4D29-4541-804D-07B1F5625DDE}"
EndProject
Project("{FAE04EC0-301F-11D3-BF4B-00C04F79EFBC}") = "ProjetoFinal.WebForms", "ProjetoFinal.WebForms\ProjetoFinal.WebForms.csproj", "{DB76508A-CC3D-47BA-A00A-0E697960B828}"
EndProject
Global
	GlobalSection(SolutionConfigurationPlatforms) = preSolution
		Debug|Any CPU = Debug|Any CPU
		Release|Any CPU = Release|Any CPU
	EndGlobalSection
	GlobalSection(ProjectConfigurationPlatforms) = postSolution
		{7074DE11-A52C-490B-9CE3-8B5EA698CB45}.Debug|Any CPU.ActiveCfg = Debug|Any CPU
		{7074DE11-A52C-490B-9CE3-8B5EA698CB45}.Debug|Any CPU.Build.0 = Debug|Any CPU
		{7074DE11-A52C-490B-9CE3-8B5EA698CB45}.Release|Any CPU.ActiveCfg = Release|Any CPU
		{7074DE11-A52C-490B-9CE3-8B5EA698CB45}.Release|Any CPU.Build.0 = Release|Any CPU
		{111DAF13-01A8-4DD1-B12D-3ABAEAA90012}.Debug|Any CPU.ActiveCfg = Debug|Any CPU
		{111DAF13-01A8-4DD1-B12D-3ABAEAA90012}.Debug|Any CPU.Build.0 = Debug|Any CPU
		{111DAF13-01A8-4DD1-B12D-3ABAEAA90012}.Release|Any CPU.ActiveCfg = Release|Any CPU
		{111DAF13-01A8-4DD1-B12D-3ABAEAA90012}.Release|Any CPU.Build.0 = Release|Any CPU
		{09E8971F-7CE7-4AC5-8307-702132E9AE34}.Debug|Any CPU.ActiveCfg = Debug|Any CPU
		{09E8971F-7CE7-4AC5-8307-702132E9AE34}.Debug|Any CPU.Build.0 = Debug|Any CPU
		{09E8971F-7CE7-4AC5-8307-702132E9AE34}.Release|Any CPU.ActiveCfg = Release|Any CPU
		{09E8971F-7CE7-4AC5-8307-702132E9AE34}.Release|Any CPU.Build.0 = Release|Any CPU
		{E88F9052-DC21-4855-AD0D-753123445D11}.Debug|Any CPU.ActiveCfg = Debug|Any CPU
		{E88F9052-DC21-4855-AD0D-753123445D11}.Debug|Any CPU.Build.0 = Debug|Any CPU
		{E88F9052-DC21-4855-AD0D-753123445D11}.Release|Any CPU.ActiveCfg = Release|Any CPU
		{E88F9052-DC21-4855-AD0D-753123445D11}.Release|Any CPU.Build.0 = Release|Any CPU
		{BCA38744-BFB5-4FF7-B6FD-84BD18EE3885}.Debug|Any CPU.ActiveCfg = Debug|Any CPU
		{BCA38744-BFB5-4FF7-B6FD-84BD18EE3885}.Debug|Any CPU.Build.0 = Debug|Any CPU
		{BCA38744-BFB5-4FF7-B6FD-84BD18EE3885}.Release|Any CPU.ActiveCfg = Release|Any CPU
		{BCA38744-BFB5-4FF7-B6FD-84BD18EE3885}.Release|Any CPU.Build.0 = Release|Any CPU
		{DB76508A-CC3D-47BA-A00A-0E697960B828}.Debug|Any CPU.ActiveCfg = Debug|Any CPU
		{DB76508A-CC3D-47BA-A00A-0E697960B828}.Debug|Any CPU.Build.0 = Debug|Any CPU
		{DB76508A-CC3D-47BA-A00A-0E697960B828}.Release|Any CPU.ActiveCfg = Release|Any CPU
		{DB76508A-CC3D-47BA-A00A-0E697960B828}.Release|Any CPU.Build.0 = Release|Any CPU
	EndGlobalSection
	GlobalSection(SolutionProperties) = preSolution
		HideSolutionNode = FALSE
	EndGlobalSection
	GlobalSection(NestedProjects) = preSolution
		{7074DE11-A52C-490B-9CE3-8B5EA698CB45} = {1ECCA0CC-9DC6-4BCA-A938-7E0671BB6DAE}
		{111DAF13-01A8-4DD1-B12D-3ABAEAA90012} = {2FE54A84-28AB-43AC-9638-0FC8BFC1BA2E}
		{09E8971F-7CE7-4AC5-8307-702132E9AE34} = {1ECCA0CC-9DC6-4BCA-A938-7E0671BB6DAE}
		{E88F9052-DC21-4855-AD0D-753123445D11} = {BC548F6B-A4DD-4206-BCFB-EB9A6963DF42}
		{2FE54A84-28AB-43AC-9638-0FC8BFC1BA2E} = {DF437667-AA1D-47BF-A4A1-CC2E897396D3}
		{2265B8FC-DDB4-4C52-B1F1-678EBBC2BF59} = {DF437667-AA1D-47BF-A4A1-CC2E897396D3}
		{BCA38744-BFB5-4FF7-B6FD-84BD18EE3885} = {2265B8FC-DDB4-4C52-B1F1-678EBBC2BF59}
		{D7B85399-4D29-4541-804D-07B1F5625DDE} = {DF437667-AA1D-47BF-A4A1-CC2E897396D3}
		{DB76508A-CC3D-47BA-A00A-0E697960B828} = {D7B85399-4D29-4541-804D-07B1F5625DDE}
	EndGlobalSection
	GlobalSection(ExtensibilityGlobals) = postSolution
		SolutionGuid = {5B600132-7D86-4227-823C-A0F53A0723B5}
	EndGlobalSection
EndGlobal
